// !$*UTF8*$!
{
	archiveVersion = 1;
	classes = {
	};
	objectVersion = 46;
	objects = {

/* Begin PBXBuildFile section */
		5096B2B51DD21D0B00076058 /* Change.swift in Sources */ = {isa = PBXBuildFile; fileRef = 5096B2B41DD21D0B00076058 /* Change.swift */; };
		5096B2B71DD2216B00076058 /* RxSwift.framework in Frameworks */ = {isa = PBXBuildFile; fileRef = 5096B2B61DD2216B00076058 /* RxSwift.framework */; };
		5096B2B81DD2216B00076058 /* RxSwift.framework in Frameworks */ = {isa = PBXBuildFile; fileRef = 5096B2B61DD2216B00076058 /* RxSwift.framework */; };
		5096B2B91DD2217900076058 /* RxSwift.framework in Frameworks */ = {isa = PBXBuildFile; fileRef = 5096B2B61DD2216B00076058 /* RxSwift.framework */; };
		5096B2BA1DD2217900076058 /* RxSwift.framework in Embed Frameworks */ = {isa = PBXBuildFile; fileRef = 5096B2B61DD2216B00076058 /* RxSwift.framework */; settings = {ATTRIBUTES = (CodeSignOnCopy, RemoveHeadersOnCopy, ); }; };
		5096B2BC1DD221D700076058 /* RxFileMonitor.swift in Sources */ = {isa = PBXBuildFile; fileRef = 5096B2BB1DD221D700076058 /* RxFileMonitor.swift */; };
		5096B2C11DD22D6000076058 /* FolderContentChangeEvent.swift in Sources */ = {isa = PBXBuildFile; fileRef = 5096B2C01DD22D6000076058 /* FolderContentChangeEvent.swift */; };
		50B257C91F7AB26D0044F65F /* RxSwift.framework in Copy Frameworks */ = {isa = PBXBuildFile; fileRef = 5096B2B61DD2216B00076058 /* RxSwift.framework */; settings = {ATTRIBUTES = (CodeSignOnCopy, RemoveHeadersOnCopy, ); }; };
		50E8354D1DD1B26900783B62 /* RxFileMonitor.framework in Frameworks */ = {isa = PBXBuildFile; fileRef = 50E835431DD1B26900783B62 /* RxFileMonitor.framework */; };
		50E835521DD1B26900783B62 /* RxFileMonitorTests.swift in Sources */ = {isa = PBXBuildFile; fileRef = 50E835511DD1B26900783B62 /* RxFileMonitorTests.swift */; };
		50E835541DD1B26900783B62 /* RxFileMonitor.h in Headers */ = {isa = PBXBuildFile; fileRef = 50E835461DD1B26900783B62 /* RxFileMonitor.h */; settings = {ATTRIBUTES = (Public, ); }; };
		50E835641DD1B28400783B62 /* AppDelegate.swift in Sources */ = {isa = PBXBuildFile; fileRef = 50E835631DD1B28400783B62 /* AppDelegate.swift */; };
		50E835661DD1B28400783B62 /* Assets.xcassets in Resources */ = {isa = PBXBuildFile; fileRef = 50E835651DD1B28400783B62 /* Assets.xcassets */; };
		50E835691DD1B28400783B62 /* MainMenu.xib in Resources */ = {isa = PBXBuildFile; fileRef = 50E835671DD1B28400783B62 /* MainMenu.xib */; };
		50E835701DD1BE2700783B62 /* RxFileMonitor.framework in Frameworks */ = {isa = PBXBuildFile; fileRef = 50E835431DD1B26900783B62 /* RxFileMonitor.framework */; };
		50E835711DD1BE2700783B62 /* RxFileMonitor.framework in Embed Frameworks */ = {isa = PBXBuildFile; fileRef = 50E835431DD1B26900783B62 /* RxFileMonitor.framework */; settings = {ATTRIBUTES = (CodeSignOnCopy, RemoveHeadersOnCopy, ); }; };
		50E835761DD1D1C200783B62 /* FolderContentMonitor.swift in Sources */ = {isa = PBXBuildFile; fileRef = 50E835751DD1D1C200783B62 /* FolderContentMonitor.swift */; };
/* End PBXBuildFile section */

/* Begin PBXContainerItemProxy section */
		50E8354E1DD1B26900783B62 /* PBXContainerItemProxy */ = {
			isa = PBXContainerItemProxy;
			containerPortal = 50E8353A1DD1B26900783B62 /* Project object */;
			proxyType = 1;
			remoteGlobalIDString = 50E835421DD1B26900783B62;
			remoteInfo = RxFileMonitor;
		};
		50E835721DD1BE2700783B62 /* PBXContainerItemProxy */ = {
			isa = PBXContainerItemProxy;
			containerPortal = 50E8353A1DD1B26900783B62 /* Project object */;
			proxyType = 1;
			remoteGlobalIDString = 50E835421DD1B26900783B62;
			remoteInfo = RxFileMonitor;
		};
/* End PBXContainerItemProxy section */

/* Begin PBXCopyFilesBuildPhase section */
		50B257C81F7AB25D0044F65F /* Copy Frameworks */ = {
			isa = PBXCopyFilesBuildPhase;
			buildActionMask = 2147483647;
			dstPath = "";
			dstSubfolderSpec = 10;
			files = (
				50B257C91F7AB26D0044F65F /* RxSwift.framework in Copy Frameworks */,
			);
			name = "Copy Frameworks";
			runOnlyForDeploymentPostprocessing = 0;
		};
		50E835741DD1BE2700783B62 /* Embed Frameworks */ = {
			isa = PBXCopyFilesBuildPhase;
			buildActionMask = 2147483647;
			dstPath = "";
			dstSubfolderSpec = 10;
			files = (
				5096B2BA1DD2217900076058 /* RxSwift.framework in Embed Frameworks */,
				50E835711DD1BE2700783B62 /* RxFileMonitor.framework in Embed Frameworks */,
			);
			name = "Embed Frameworks";
			runOnlyForDeploymentPostprocessing = 0;
		};
/* End PBXCopyFilesBuildPhase section */

/* Begin PBXFileReference section */
		5096B2B41DD21D0B00076058 /* Change.swift */ = {isa = PBXFileReference; fileEncoding = 4; lastKnownFileType = sourcecode.swift; path = Change.swift; sourceTree = "<group>"; };
		5096B2B61DD2216B00076058 /* RxSwift.framework */ = {isa = PBXFileReference; lastKnownFileType = wrapper.framework; name = RxSwift.framework; path = Carthage/Build/Mac/RxSwift.framework; sourceTree = "<group>"; };
		5096B2BB1DD221D700076058 /* RxFileMonitor.swift */ = {isa = PBXFileReference; fileEncoding = 4; lastKnownFileType = sourcecode.swift; path = RxFileMonitor.swift; sourceTree = "<group>"; };
		5096B2C01DD22D6000076058 /* FolderContentChangeEvent.swift */ = {isa = PBXFileReference; fileEncoding = 4; lastKnownFileType = sourcecode.swift; path = FolderContentChangeEvent.swift; sourceTree = "<group>"; };
		5096B2C21DD22FC200076058 /* LICENSE */ = {isa = PBXFileReference; lastKnownFileType = text; path = LICENSE; sourceTree = "<group>"; };
		5096B2C41DD2333E00076058 /* README.md */ = {isa = PBXFileReference; lastKnownFileType = net.daringfireball.markdown; path = README.md; sourceTree = "<group>"; };
		50D46C431EB0766300AB15C8 /* RxFileMonitor.podspec */ = {isa = PBXFileReference; lastKnownFileType = text; path = RxFileMonitor.podspec; sourceTree = "<group>"; };
		50E835431DD1B26900783B62 /* RxFileMonitor.framework */ = {isa = PBXFileReference; explicitFileType = wrapper.framework; includeInIndex = 0; path = RxFileMonitor.framework; sourceTree = BUILT_PRODUCTS_DIR; };
		50E835461DD1B26900783B62 /* RxFileMonitor.h */ = {isa = PBXFileReference; lastKnownFileType = sourcecode.c.h; path = RxFileMonitor.h; sourceTree = "<group>"; };
		50E835471DD1B26900783B62 /* Info.plist */ = {isa = PBXFileReference; lastKnownFileType = text.plist.xml; path = Info.plist; sourceTree = "<group>"; };
		50E8354C1DD1B26900783B62 /* RxFileMonitorTests.xctest */ = {isa = PBXFileReference; explicitFileType = wrapper.cfbundle; includeInIndex = 0; path = RxFileMonitorTests.xctest; sourceTree = BUILT_PRODUCTS_DIR; };
		50E835511DD1B26900783B62 /* RxFileMonitorTests.swift */ = {isa = PBXFileReference; lastKnownFileType = sourcecode.swift; path = RxFileMonitorTests.swift; sourceTree = "<group>"; };
		50E835531DD1B26900783B62 /* Info.plist */ = {isa = PBXFileReference; lastKnownFileType = text.plist.xml; path = Info.plist; sourceTree = "<group>"; };
		50E835611DD1B28400783B62 /* Example.app */ = {isa = PBXFileReference; explicitFileType = wrapper.application; includeInIndex = 0; path = Example.app; sourceTree = BUILT_PRODUCTS_DIR; };
		50E835631DD1B28400783B62 /* AppDelegate.swift */ = {isa = PBXFileReference; lastKnownFileType = sourcecode.swift; path = AppDelegate.swift; sourceTree = "<group>"; };
		50E835651DD1B28400783B62 /* Assets.xcassets */ = {isa = PBXFileReference; lastKnownFileType = folder.assetcatalog; path = Assets.xcassets; sourceTree = "<group>"; };
		50E835681DD1B28400783B62 /* Base */ = {isa = PBXFileReference; lastKnownFileType = file.xib; name = Base; path = Base.lproj/MainMenu.xib; sourceTree = "<group>"; };
		50E8356A1DD1B28400783B62 /* Info.plist */ = {isa = PBXFileReference; lastKnownFileType = text.plist.xml; path = Info.plist; sourceTree = "<group>"; };
		50E835751DD1D1C200783B62 /* FolderContentMonitor.swift */ = {isa = PBXFileReference; fileEncoding = 4; lastKnownFileType = sourcecode.swift; path = FolderContentMonitor.swift; sourceTree = "<group>"; };
/* End PBXFileReference section */

/* Begin PBXFrameworksBuildPhase section */
		50E8353F1DD1B26900783B62 /* Frameworks */ = {
			isa = PBXFrameworksBuildPhase;
			buildActionMask = 2147483647;
			files = (
				5096B2B71DD2216B00076058 /* RxSwift.framework in Frameworks */,
			);
			runOnlyForDeploymentPostprocessing = 0;
		};
		50E835491DD1B26900783B62 /* Frameworks */ = {
			isa = PBXFrameworksBuildPhase;
			buildActionMask = 2147483647;
			files = (
				5096B2B81DD2216B00076058 /* RxSwift.framework in Frameworks */,
				50E8354D1DD1B26900783B62 /* RxFileMonitor.framework in Frameworks */,
			);
			runOnlyForDeploymentPostprocessing = 0;
		};
		50E8355E1DD1B28400783B62 /* Frameworks */ = {
			isa = PBXFrameworksBuildPhase;
			buildActionMask = 2147483647;
			files = (
				5096B2B91DD2217900076058 /* RxSwift.framework in Frameworks */,
				50E835701DD1BE2700783B62 /* RxFileMonitor.framework in Frameworks */,
			);
			runOnlyForDeploymentPostprocessing = 0;
		};
/* End PBXFrameworksBuildPhase section */

/* Begin PBXGroup section */
		5096B2BD1DD222D000076058 /* Monitors */ = {
			isa = PBXGroup;
			children = (
				50E835751DD1D1C200783B62 /* FolderContentMonitor.swift */,
				5096B2B41DD21D0B00076058 /* Change.swift */,
				5096B2C01DD22D6000076058 /* FolderContentChangeEvent.swift */,
			);
			name = Monitors;
			sourceTree = "<group>";
		};
		50E835391DD1B26900783B62 = {
			isa = PBXGroup;
			children = (
				5096B2C41DD2333E00076058 /* README.md */,
				5096B2C21DD22FC200076058 /* LICENSE */,
				50D46C431EB0766300AB15C8 /* RxFileMonitor.podspec */,
				50E835451DD1B26900783B62 /* RxFileMonitor */,
				50E835501DD1B26900783B62 /* RxFileMonitorTests */,
				50E835621DD1B28400783B62 /* Example */,
				50E835441DD1B26900783B62 /* Products */,
				5096B2B61DD2216B00076058 /* RxSwift.framework */,
			);
			sourceTree = "<group>";
		};
		50E835441DD1B26900783B62 /* Products */ = {
			isa = PBXGroup;
			children = (
				50E835431DD1B26900783B62 /* RxFileMonitor.framework */,
				50E8354C1DD1B26900783B62 /* RxFileMonitorTests.xctest */,
				50E835611DD1B28400783B62 /* Example.app */,
			);
			name = Products;
			sourceTree = "<group>";
		};
		50E835451DD1B26900783B62 /* RxFileMonitor */ = {
			isa = PBXGroup;
			children = (
				50E835461DD1B26900783B62 /* RxFileMonitor.h */,
				5096B2BB1DD221D700076058 /* RxFileMonitor.swift */,
				5096B2BD1DD222D000076058 /* Monitors */,
				50E835471DD1B26900783B62 /* Info.plist */,
			);
			path = RxFileMonitor;
			sourceTree = "<group>";
		};
		50E835501DD1B26900783B62 /* RxFileMonitorTests */ = {
			isa = PBXGroup;
			children = (
				50E835511DD1B26900783B62 /* RxFileMonitorTests.swift */,
				50E835531DD1B26900783B62 /* Info.plist */,
			);
			path = RxFileMonitorTests;
			sourceTree = "<group>";
		};
		50E835621DD1B28400783B62 /* Example */ = {
			isa = PBXGroup;
			children = (
				50E835631DD1B28400783B62 /* AppDelegate.swift */,
				50E835651DD1B28400783B62 /* Assets.xcassets */,
				50E835671DD1B28400783B62 /* MainMenu.xib */,
				50E8356A1DD1B28400783B62 /* Info.plist */,
			);
			path = Example;
			sourceTree = "<group>";
		};
/* End PBXGroup section */

/* Begin PBXHeadersBuildPhase section */
		50E835401DD1B26900783B62 /* Headers */ = {
			isa = PBXHeadersBuildPhase;
			buildActionMask = 2147483647;
			files = (
				50E835541DD1B26900783B62 /* RxFileMonitor.h in Headers */,
			);
			runOnlyForDeploymentPostprocessing = 0;
		};
/* End PBXHeadersBuildPhase section */

/* Begin PBXNativeTarget section */
		50E835421DD1B26900783B62 /* RxFileMonitor */ = {
			isa = PBXNativeTarget;
			buildConfigurationList = 50E835571DD1B26900783B62 /* Build configuration list for PBXNativeTarget "RxFileMonitor" */;
			buildPhases = (
				50E8353E1DD1B26900783B62 /* Sources */,
				50E8353F1DD1B26900783B62 /* Frameworks */,
				50E835401DD1B26900783B62 /* Headers */,
				50E835411DD1B26900783B62 /* Resources */,
			);
			buildRules = (
			);
			dependencies = (
			);
			name = RxFileMonitor;
			productName = RxFileMonitor;
			productReference = 50E835431DD1B26900783B62 /* RxFileMonitor.framework */;
			productType = "com.apple.product-type.framework";
		};
		50E8354B1DD1B26900783B62 /* RxFileMonitorTests */ = {
			isa = PBXNativeTarget;
			buildConfigurationList = 50E8355A1DD1B26900783B62 /* Build configuration list for PBXNativeTarget "RxFileMonitorTests" */;
			buildPhases = (
				50E835481DD1B26900783B62 /* Sources */,
				50E835491DD1B26900783B62 /* Frameworks */,
				50E8354A1DD1B26900783B62 /* Resources */,
				50B257C81F7AB25D0044F65F /* Copy Frameworks */,
			);
			buildRules = (
			);
			dependencies = (
				50E8354F1DD1B26900783B62 /* PBXTargetDependency */,
			);
			name = RxFileMonitorTests;
			productName = RxFileMonitorTests;
			productReference = 50E8354C1DD1B26900783B62 /* RxFileMonitorTests.xctest */;
			productType = "com.apple.product-type.bundle.unit-test";
		};
		50E835601DD1B28400783B62 /* Example */ = {
			isa = PBXNativeTarget;
			buildConfigurationList = 50E8356B1DD1B28400783B62 /* Build configuration list for PBXNativeTarget "Example" */;
			buildPhases = (
				50E8355D1DD1B28400783B62 /* Sources */,
				50E8355E1DD1B28400783B62 /* Frameworks */,
				50E8355F1DD1B28400783B62 /* Resources */,
				50E835741DD1BE2700783B62 /* Embed Frameworks */,
			);
			buildRules = (
			);
			dependencies = (
				50E835731DD1BE2700783B62 /* PBXTargetDependency */,
			);
			name = Example;
			productName = Example;
			productReference = 50E835611DD1B28400783B62 /* Example.app */;
			productType = "com.apple.product-type.application";
		};
/* End PBXNativeTarget section */

/* Begin PBXProject section */
		50E8353A1DD1B26900783B62 /* Project object */ = {
			isa = PBXProject;
			attributes = {
				LastSwiftUpdateCheck = 0810;
				LastUpgradeCheck = 1420;
				ORGANIZATIONNAME = CleanCocoa;
				TargetAttributes = {
					50E835421DD1B26900783B62 = {
						CreatedOnToolsVersion = 8.1;
						LastSwiftMigration = 1020;
						ProvisioningStyle = Automatic;
					};
					50E8354B1DD1B26900783B62 = {
						CreatedOnToolsVersion = 8.1;
						LastSwiftMigration = 1020;
						ProvisioningStyle = Automatic;
					};
					50E835601DD1B28400783B62 = {
						CreatedOnToolsVersion = 8.1;
						LastSwiftMigration = 1020;
						ProvisioningStyle = Automatic;
					};
				};
			};
			buildConfigurationList = 50E8353D1DD1B26900783B62 /* Build configuration list for PBXProject "RxFileMonitor" */;
			compatibilityVersion = "Xcode 3.2";
			developmentRegion = en;
			hasScannedForEncodings = 0;
			knownRegions = (
				en,
				Base,
			);
			mainGroup = 50E835391DD1B26900783B62;
			productRefGroup = 50E835441DD1B26900783B62 /* Products */;
			projectDirPath = "";
			projectRoot = "";
			targets = (
				50E835421DD1B26900783B62 /* RxFileMonitor */,
				50E8354B1DD1B26900783B62 /* RxFileMonitorTests */,
				50E835601DD1B28400783B62 /* Example */,
			);
		};
/* End PBXProject section */

/* Begin PBXResourcesBuildPhase section */
		50E835411DD1B26900783B62 /* Resources */ = {
			isa = PBXResourcesBuildPhase;
			buildActionMask = 2147483647;
			files = (
			);
			runOnlyForDeploymentPostprocessing = 0;
		};
		50E8354A1DD1B26900783B62 /* Resources */ = {
			isa = PBXResourcesBuildPhase;
			buildActionMask = 2147483647;
			files = (
			);
			runOnlyForDeploymentPostprocessing = 0;
		};
		50E8355F1DD1B28400783B62 /* Resources */ = {
			isa = PBXResourcesBuildPhase;
			buildActionMask = 2147483647;
			files = (
				50E835661DD1B28400783B62 /* Assets.xcassets in Resources */,
				50E835691DD1B28400783B62 /* MainMenu.xib in Resources */,
			);
			runOnlyForDeploymentPostprocessing = 0;
		};
/* End PBXResourcesBuildPhase section */

/* Begin PBXSourcesBuildPhase section */
		50E8353E1DD1B26900783B62 /* Sources */ = {
			isa = PBXSourcesBuildPhase;
			buildActionMask = 2147483647;
			files = (
				50E835761DD1D1C200783B62 /* FolderContentMonitor.swift in Sources */,
				5096B2C11DD22D6000076058 /* FolderContentChangeEvent.swift in Sources */,
				5096B2BC1DD221D700076058 /* RxFileMonitor.swift in Sources */,
				5096B2B51DD21D0B00076058 /* Change.swift in Sources */,
			);
			runOnlyForDeploymentPostprocessing = 0;
		};
		50E835481DD1B26900783B62 /* Sources */ = {
			isa = PBXSourcesBuildPhase;
			buildActionMask = 2147483647;
			files = (
				50E835521DD1B26900783B62 /* RxFileMonitorTests.swift in Sources */,
			);
			runOnlyForDeploymentPostprocessing = 0;
		};
		50E8355D1DD1B28400783B62 /* Sources */ = {
			isa = PBXSourcesBuildPhase;
			buildActionMask = 2147483647;
			files = (
				50E835641DD1B28400783B62 /* AppDelegate.swift in Sources */,
			);
			runOnlyForDeploymentPostprocessing = 0;
		};
/* End PBXSourcesBuildPhase section */

/* Begin PBXTargetDependency section */
		50E8354F1DD1B26900783B62 /* PBXTargetDependency */ = {
			isa = PBXTargetDependency;
			target = 50E835421DD1B26900783B62 /* RxFileMonitor */;
			targetProxy = 50E8354E1DD1B26900783B62 /* PBXContainerItemProxy */;
		};
		50E835731DD1BE2700783B62 /* PBXTargetDependency */ = {
			isa = PBXTargetDependency;
			target = 50E835421DD1B26900783B62 /* RxFileMonitor */;
			targetProxy = 50E835721DD1BE2700783B62 /* PBXContainerItemProxy */;
		};
/* End PBXTargetDependency section */

/* Begin PBXVariantGroup section */
		50E835671DD1B28400783B62 /* MainMenu.xib */ = {
			isa = PBXVariantGroup;
			children = (
				50E835681DD1B28400783B62 /* Base */,
			);
			name = MainMenu.xib;
			sourceTree = "<group>";
		};
/* End PBXVariantGroup section */

/* Begin XCBuildConfiguration section */
		50E835551DD1B26900783B62 /* Debug */ = {
			isa = XCBuildConfiguration;
			buildSettings = {
				ALWAYS_SEARCH_USER_PATHS = NO;
				CLANG_ANALYZER_LOCALIZABILITY_NONLOCALIZED = YES;
				CLANG_ANALYZER_NONNULL = YES;
				CLANG_CXX_LANGUAGE_STANDARD = "gnu++0x";
				CLANG_CXX_LIBRARY = "libc++";
				CLANG_ENABLE_MODULES = YES;
				CLANG_ENABLE_OBJC_ARC = YES;
				CLANG_WARN_BLOCK_CAPTURE_AUTORELEASING = YES;
				CLANG_WARN_BOOL_CONVERSION = YES;
				CLANG_WARN_COMMA = YES;
				CLANG_WARN_CONSTANT_CONVERSION = YES;
				CLANG_WARN_DEPRECATED_OBJC_IMPLEMENTATIONS = YES;
				CLANG_WARN_DIRECT_OBJC_ISA_USAGE = YES_ERROR;
				CLANG_WARN_DOCUMENTATION_COMMENTS = YES;
				CLANG_WARN_EMPTY_BODY = YES;
				CLANG_WARN_ENUM_CONVERSION = YES;
				CLANG_WARN_INFINITE_RECURSION = YES;
				CLANG_WARN_INT_CONVERSION = YES;
				CLANG_WARN_NON_LITERAL_NULL_CONVERSION = YES;
				CLANG_WARN_OBJC_IMPLICIT_RETAIN_SELF = YES;
				CLANG_WARN_OBJC_LITERAL_CONVERSION = YES;
				CLANG_WARN_OBJC_ROOT_CLASS = YES_ERROR;
				CLANG_WARN_QUOTED_INCLUDE_IN_FRAMEWORK_HEADER = YES;
				CLANG_WARN_RANGE_LOOP_ANALYSIS = YES;
				CLANG_WARN_STRICT_PROTOTYPES = YES;
				CLANG_WARN_SUSPICIOUS_MOVE = YES;
				CLANG_WARN_SUSPICIOUS_MOVES = YES;
				CLANG_WARN_UNREACHABLE_CODE = YES;
				CLANG_WARN__DUPLICATE_METHOD_MATCH = YES;
				CODE_SIGN_IDENTITY = "-";
				COPY_PHASE_STRIP = NO;
				CURRENT_PROJECT_VERSION = 1;
				DEAD_CODE_STRIPPING = YES;
				DEBUG_INFORMATION_FORMAT = dwarf;
				ENABLE_STRICT_OBJC_MSGSEND = YES;
				ENABLE_TESTABILITY = YES;
				GCC_C_LANGUAGE_STANDARD = gnu99;
				GCC_DYNAMIC_NO_PIC = NO;
				GCC_NO_COMMON_BLOCKS = YES;
				GCC_OPTIMIZATION_LEVEL = 0;
				GCC_PREPROCESSOR_DEFINITIONS = (
					"DEBUG=1",
					"$(inherited)",
				);
				GCC_WARN_64_TO_32_BIT_CONVERSION = YES;
				GCC_WARN_ABOUT_RETURN_TYPE = YES_ERROR;
				GCC_WARN_UNDECLARED_SELECTOR = YES;
				GCC_WARN_UNINITIALIZED_AUTOS = YES_AGGRESSIVE;
				GCC_WARN_UNUSED_FUNCTION = YES;
				GCC_WARN_UNUSED_VARIABLE = YES;
				MACOSX_DEPLOYMENT_TARGET = 10.13;
				MTL_ENABLE_DEBUG_INFO = YES;
				ONLY_ACTIVE_ARCH = YES;
				SDKROOT = macosx;
				SWIFT_ACTIVE_COMPILATION_CONDITIONS = DEBUG;
				SWIFT_OPTIMIZATION_LEVEL = "-Onone";
				VERSIONING_SYSTEM = "apple-generic";
				VERSION_INFO_PREFIX = "";
			};
			name = Debug;
		};
		50E835561DD1B26900783B62 /* Release */ = {
			isa = XCBuildConfiguration;
			buildSettings = {
				ALWAYS_SEARCH_USER_PATHS = NO;
				CLANG_ANALYZER_LOCALIZABILITY_NONLOCALIZED = YES;
				CLANG_ANALYZER_NONNULL = YES;
				CLANG_CXX_LANGUAGE_STANDARD = "gnu++0x";
				CLANG_CXX_LIBRARY = "libc++";
				CLANG_ENABLE_MODULES = YES;
				CLANG_ENABLE_OBJC_ARC = YES;
				CLANG_WARN_BLOCK_CAPTURE_AUTORELEASING = YES;
				CLANG_WARN_BOOL_CONVERSION = YES;
				CLANG_WARN_COMMA = YES;
				CLANG_WARN_CONSTANT_CONVERSION = YES;
				CLANG_WARN_DEPRECATED_OBJC_IMPLEMENTATIONS = YES;
				CLANG_WARN_DIRECT_OBJC_ISA_USAGE = YES_ERROR;
				CLANG_WARN_DOCUMENTATION_COMMENTS = YES;
				CLANG_WARN_EMPTY_BODY = YES;
				CLANG_WARN_ENUM_CONVERSION = YES;
				CLANG_WARN_INFINITE_RECURSION = YES;
				CLANG_WARN_INT_CONVERSION = YES;
				CLANG_WARN_NON_LITERAL_NULL_CONVERSION = YES;
				CLANG_WARN_OBJC_IMPLICIT_RETAIN_SELF = YES;
				CLANG_WARN_OBJC_LITERAL_CONVERSION = YES;
				CLANG_WARN_OBJC_ROOT_CLASS = YES_ERROR;
				CLANG_WARN_QUOTED_INCLUDE_IN_FRAMEWORK_HEADER = YES;
				CLANG_WARN_RANGE_LOOP_ANALYSIS = YES;
				CLANG_WARN_STRICT_PROTOTYPES = YES;
				CLANG_WARN_SUSPICIOUS_MOVE = YES;
				CLANG_WARN_SUSPICIOUS_MOVES = YES;
				CLANG_WARN_UNREACHABLE_CODE = YES;
				CLANG_WARN__DUPLICATE_METHOD_MATCH = YES;
				CODE_SIGN_IDENTITY = "-";
				COPY_PHASE_STRIP = NO;
				CURRENT_PROJECT_VERSION = 1;
				DEAD_CODE_STRIPPING = YES;
				DEBUG_INFORMATION_FORMAT = "dwarf-with-dsym";
				ENABLE_NS_ASSERTIONS = NO;
				ENABLE_STRICT_OBJC_MSGSEND = YES;
				GCC_C_LANGUAGE_STANDARD = gnu99;
				GCC_NO_COMMON_BLOCKS = YES;
				GCC_WARN_64_TO_32_BIT_CONVERSION = YES;
				GCC_WARN_ABOUT_RETURN_TYPE = YES_ERROR;
				GCC_WARN_UNDECLARED_SELECTOR = YES;
				GCC_WARN_UNINITIALIZED_AUTOS = YES_AGGRESSIVE;
				GCC_WARN_UNUSED_FUNCTION = YES;
				GCC_WARN_UNUSED_VARIABLE = YES;
				MACOSX_DEPLOYMENT_TARGET = 10.13;
				MTL_ENABLE_DEBUG_INFO = NO;
				SDKROOT = macosx;
				SWIFT_OPTIMIZATION_LEVEL = "-Owholemodule";
				VERSIONING_SYSTEM = "apple-generic";
				VERSION_INFO_PREFIX = "";
			};
			name = Release;
		};
		50E835581DD1B26900783B62 /* Debug */ = {
			isa = XCBuildConfiguration;
			buildSettings = {
				CLANG_ENABLE_MODULES = YES;
				CODE_SIGN_IDENTITY = "";
				COMBINE_HIDPI_IMAGES = YES;
				DEAD_CODE_STRIPPING = YES;
				DEFINES_MODULE = YES;
				DEVELOPMENT_TEAM = "";
				DYLIB_COMPATIBILITY_VERSION = 1;
				DYLIB_CURRENT_VERSION = 1;
				DYLIB_INSTALL_NAME_BASE = "@rpath";
				FRAMEWORK_SEARCH_PATHS = (
					"$(inherited)",
					"$(PROJECT_DIR)/Carthage/Build/Mac",
				);
				FRAMEWORK_VERSION = A;
				INFOPLIST_FILE = RxFileMonitor/Info.plist;
				INSTALL_PATH = "$(LOCAL_LIBRARY_DIR)/Frameworks";
				LD_RUNPATH_SEARCH_PATHS = "$(inherited) @executable_path/../Frameworks @loader_path/Frameworks";
				PRODUCT_BUNDLE_IDENTIFIER = de.christiantietze.RxFileMonitor;
				PRODUCT_NAME = "$(TARGET_NAME)";
				SKIP_INSTALL = YES;
				SWIFT_OPTIMIZATION_LEVEL = "-Onone";
				SWIFT_VERSION = 5.0;
			};
			name = Debug;
		};
		50E835591DD1B26900783B62 /* Release */ = {
			isa = XCBuildConfiguration;
			buildSettings = {
				CLANG_ENABLE_MODULES = YES;
				CODE_SIGN_IDENTITY = "";
				COMBINE_HIDPI_IMAGES = YES;
				DEAD_CODE_STRIPPING = YES;
				DEFINES_MODULE = YES;
				DEVELOPMENT_TEAM = "";
				DYLIB_COMPATIBILITY_VERSION = 1;
				DYLIB_CURRENT_VERSION = 1;
				DYLIB_INSTALL_NAME_BASE = "@rpath";
				FRAMEWORK_SEARCH_PATHS = (
					"$(inherited)",
					"$(PROJECT_DIR)/Carthage/Build/Mac",
				);
				FRAMEWORK_VERSION = A;
				INFOPLIST_FILE = RxFileMonitor/Info.plist;
				INSTALL_PATH = "$(LOCAL_LIBRARY_DIR)/Frameworks";
				LD_RUNPATH_SEARCH_PATHS = "$(inherited) @executable_path/../Frameworks @loader_path/Frameworks";
				PRODUCT_BUNDLE_IDENTIFIER = de.christiantietze.RxFileMonitor;
				PRODUCT_NAME = "$(TARGET_NAME)";
				SKIP_INSTALL = YES;
				SWIFT_VERSION = 5.0;
			};
			name = Release;
		};
		50E8355B1DD1B26900783B62 /* Debug */ = {
			isa = XCBuildConfiguration;
			buildSettings = {
				ALWAYS_EMBED_SWIFT_STANDARD_LIBRARIES = YES;
				COMBINE_HIDPI_IMAGES = YES;
				DEAD_CODE_STRIPPING = YES;
				DEVELOPMENT_TEAM = "";
				FRAMEWORK_SEARCH_PATHS = (
					"$(inherited)",
					"$(PROJECT_DIR)/Carthage/Build/Mac",
				);
				INFOPLIST_FILE = RxFileMonitorTests/Info.plist;
				LD_RUNPATH_SEARCH_PATHS = "$(inherited) @executable_path/../Frameworks @loader_path/../Frameworks";
				MACOSX_DEPLOYMENT_TARGET = "$(RECOMMENDED_MACOSX_DEPLOYMENT_TARGET)";
				PRODUCT_BUNDLE_IDENTIFIER = de.christiantietze.RxFileMonitorTests;
				PRODUCT_NAME = "$(TARGET_NAME)";
				SWIFT_VERSION = 5.0;
			};
			name = Debug;
		};
		50E8355C1DD1B26900783B62 /* Release */ = {
			isa = XCBuildConfiguration;
			buildSettings = {
				ALWAYS_EMBED_SWIFT_STANDARD_LIBRARIES = YES;
				COMBINE_HIDPI_IMAGES = YES;
				DEAD_CODE_STRIPPING = YES;
				DEVELOPMENT_TEAM = "";
				FRAMEWORK_SEARCH_PATHS = (
					"$(inherited)",
					"$(PROJECT_DIR)/Carthage/Build/Mac",
				);
				INFOPLIST_FILE = RxFileMonitorTests/Info.plist;
				LD_RUNPATH_SEARCH_PATHS = "$(inherited) @executable_path/../Frameworks @loader_path/../Frameworks";
				MACOSX_DEPLOYMENT_TARGET = "$(RECOMMENDED_MACOSX_DEPLOYMENT_TARGET)";
				PRODUCT_BUNDLE_IDENTIFIER = de.christiantietze.RxFileMonitorTests;
				PRODUCT_NAME = "$(TARGET_NAME)";
				SWIFT_VERSION = 5.0;
			};
			name = Release;
		};
		50E8356C1DD1B28400783B62 /* Debug */ = {
			isa = XCBuildConfiguration;
			buildSettings = {
				ALWAYS_EMBED_SWIFT_STANDARD_LIBRARIES = YES;
				ASSETCATALOG_COMPILER_APPICON_NAME = AppIcon;
				CODE_SIGN_IDENTITY = "-";
				COMBINE_HIDPI_IMAGES = YES;
				DEAD_CODE_STRIPPING = YES;
				DEVELOPMENT_TEAM = "";
				FRAMEWORK_SEARCH_PATHS = (
					"$(inherited)",
					"$(PROJECT_DIR)/Carthage/Build/Mac",
				);
				INFOPLIST_FILE = Example/Info.plist;
				LD_RUNPATH_SEARCH_PATHS = "$(inherited) @executable_path/../Frameworks";
				MACOSX_DEPLOYMENT_TARGET = "$(RECOMMENDED_MACOSX_DEPLOYMENT_TARGET)";
				PRODUCT_BUNDLE_IDENTIFIER = de.christiantietze.Example;
				PRODUCT_NAME = "$(TARGET_NAME)";
				SWIFT_VERSION = 5.0;
			};
			name = Debug;
		};
		50E8356D1DD1B28400783B62 /* Release */ = {
			isa = XCBuildConfiguration;
			buildSettings = {
				ALWAYS_EMBED_SWIFT_STANDARD_LIBRARIES = YES;
				ASSETCATALOG_COMPILER_APPICON_NAME = AppIcon;
				CODE_SIGN_IDENTITY = "-";
				COMBINE_HIDPI_IMAGES = YES;
				DEAD_CODE_STRIPPING = YES;
				DEVELOPMENT_TEAM = "";
				FRAMEWORK_SEARCH_PATHS = (
					"$(inherited)",
					"$(PROJECT_DIR)/Carthage/Build/Mac",
				);
				INFOPLIST_FILE = Example/Info.plist;
				LD_RUNPATH_SEARCH_PATHS = "$(inherited) @executable_path/../Frameworks";
				MACOSX_DEPLOYMENT_TARGET = "$(RECOMMENDED_MACOSX_DEPLOYMENT_TARGET)";
				PRODUCT_BUNDLE_IDENTIFIER = de.christiantietze.Example;
				PRODUCT_NAME = "$(TARGET_NAME)";
				SWIFT_VERSION = 5.0;
			};
			name = Release;
		};
/* End XCBuildConfiguration section */

/* Begin XCConfigurationList section */
		50E8353D1DD1B26900783B62 /* Build configuration list for PBXProject "RxFileMonitor" */ = {
			isa = XCConfigurationList;
			buildConfigurations = (
				50E835551DD1B26900783B62 /* Debug */,
				50E835561DD1B26900783B62 /* Release */,
			);
			defaultConfigurationIsVisible = 0;
			defaultConfigurationName = Release;
		};
		50E835571DD1B26900783B62 /* Build configuration list for PBXNativeTarget "RxFileMonitor" */ = {
			isa = XCConfigurationList;
			buildConfigurations = (
				50E835581DD1B26900783B62 /* Debug */,
				50E835591DD1B26900783B62 /* Release */,
			);
			defaultConfigurationIsVisible = 0;
			defaultConfigurationName = Release;
		};
		50E8355A1DD1B26900783B62 /* Build configuration list for PBXNativeTarget "RxFileMonitorTests" */ = {
			isa = XCConfigurationList;
			buildConfigurations = (
				50E8355B1DD1B26900783B62 /* Debug */,
				50E8355C1DD1B26900783B62 /* Release */,
			);
			defaultConfigurationIsVisible = 0;
			defaultConfigurationName = Release;
		};
		50E8356B1DD1B28400783B62 /* Build configuration list for PBXNativeTarget "Example" */ = {
			isa = XCConfigurationList;
			buildConfigurations = (
				50E8356C1DD1B28400783B62 /* Debug */,
				50E8356D1DD1B28400783B62 /* Release */,
			);
			defaultConfigurationIsVisible = 0;
			defaultConfigurationName = Release;
		};
/* End XCConfigurationList section */
	};
	rootObject = 50E8353A1DD1B26900783B62 /* Project object */;
}
